
Microsoft Visual Studio Solution File, Format Version 12.00
# Visual Studio Version 17
VisualStudioVersion = 17.0.32014.148
MinimumVisualStudioVersion = 10.0.40219.1
Project("{FAE04EC0-301F-11D3-BF4B-00C04F79EFBC}") = "Task25_01_2022", "Task25_01_2022\Task25_01_2022.csproj", "{CA62D40B-57F3-4664-BD10-33D1198E91F7}"
EndProject
Global
	GlobalSection(SolutionConfigurationPlatforms) = preSolution
		Debug|Any CPU = Debug|Any CPU
		Release|Any CPU = Release|Any CPU
	EndGlobalSection
	GlobalSection(ProjectConfigurationPlatforms) = postSolution
		{CA62D40B-57F3-4664-BD10-33D1198E91F7}.Debug|Any CPU.ActiveCfg = Debug|Any CPU
		{CA62D40B-57F3-4664-BD10-33D1198E91F7}.Debug|Any CPU.Build.0 = Debug|Any CPU
		{CA62D40B-57F3-4664-BD10-33D1198E91F7}.Release|Any CPU.ActiveCfg = Release|Any CPU
		{CA62D40B-57F3-4664-BD10-33D1198E91F7}.Release|Any CPU.Build.0 = Release|Any CPU
	EndGlobalSection
	GlobalSection(SolutionProperties) = preSolution
		HideSolutionNode = FALSE
	EndGlobalSection
	GlobalSection(ExtensibilityGlobals) = postSolution
		SolutionGuid = {23D860CF-CEA9-4A80-ADBD-B874A018F9BA}
	EndGlobalSection
EndGlobal
